# THIS IS AN AUTOGENERATED FILE. DO NOT EDIT THIS FILE DIRECTLY.
# yarn lockfile v1


"@borewit/text-codec@^0.2.1":
  version "0.2.2"
  resolved "https://registry.npmjs.org/@borewit/text-codec/-/text-codec-0.2.2.tgz#75025f735c0983b3a871668804a57387e3649375"
  integrity sha512-DDaRehssg1aNrH4+2hnj1B7vnUGEjU6OIlyRdkMd0aUdIUvKXrJfXsy8LVtXAy7DRvYVluWbMspsRhz2lcW0mQ==

"@napi-rs/canvas-android-arm64@1.0.7":
  version "1.0.7"
  resolved "https://registry.npmjs.org/@napi-rs/canvas-android-arm64/-/canvas-android-arm64-1.0.7.tgz#99ce17f71d6e03032c8140b229109c8557082753"
  integrity sha512-d5p4hHTykc/9PjiBXkvCH/IC5hT5jH7BjQ1u8ITq+G8x4VmvveOHdy/4BWYcC3ebWRmrG9zEc/oCTy+Yf3iZ4A==

"@napi-rs/canvas-darwin-arm64@1.0.7":
  version "1.0.7"
  resolved "https://registry.npmjs.org/@napi-rs/canvas-darwin-arm64/-/canvas-darwin-arm64-1.0.7.tgz#f947d83e226451db61ed441e0fcffeb33f521371"
  integrity sha512-jKfZl2QDqBr6/Ap/8NKkX0Po9SFfVjUPBJbQQmYGVtQQIazWWIAO60riH3Mz2sOyysa2oJO39sLEfXerypu0vg==

"@napi-rs/canvas-darwin-x64@1.0.7":
  version "1.0.7"
  resolved "https://registry.npmjs.org/@napi-rs/canvas-darwin-x64/-/canvas-darwin-x64-1.0.7.tgz#65cc89796e6d0cbaa03186cdc21a3fbacdb15d30"
  integrity sha512-v1asrnKBu0tD+sdSD2qVIUfhoXSrr8LFTn7z76pN+8xsiOrmFcAVty57R/5DB8ZNqNLKsUBDXFSrzf4Wt9NaSg==

"@napi-rs/canvas-linux-arm-gnueabihf@1.0.7":
  version "1.0.7"
  resolved "https://registry.npmjs.org/@napi-rs/canvas-linux-arm-gnueabihf/-/canvas-linux-arm-gnueabihf-1.0.7.tgz#2955fe17e84029ba78258aacda578f2cdcb9c403"
  integrity sha512-c4Hcu4L5bXCgLY8jrZ2hy/Avl65MsbfH9DqNWrrd9InbpBZZF/rmrh7XkgmTUmOFcUrt/PaFSBinW2C0moDgcA==

"@napi-rs/canvas-linux-arm64-gnu@1.0.7":
  version "1.0.7"
  resolved "https://registry.npmjs.org/@napi-rs/canvas-linux-arm64-gnu/-/canvas-linux-arm64-gnu-1.0.7.tgz#2eb9b10cb21ebd7aeaddbc1b3465b441c6b12536"
  integrity sha512-OVW6T1x65BTVfWb//xylCoWxbdII+nzHu3L5T035aerBAnZ5e0nmeTMkMEO9qQrVJq4WcWW8hp+T0dF+JvJPUQ==

"@napi-rs/canvas-linux-arm64-musl@1.0.7":
  version "1.0.7"
  resolved "https://registry.npmjs.org/@napi-rs/canvas-linux-arm64-musl/-/canvas-linux-arm64-musl-1.0.7.tgz#f56792eab6add72ad437b8b68464c033ebe94930"
  integrity sha512-KX/k1UO61XdKlXxhtIkq1ZUH8uP+NNK4vSrBcM2/4wWUUCZaG93BU5s0KuE9n+TFn0jEoqLSlXOuH1pYuV5dcQ==

"@napi-rs/canvas-linux-riscv64-gnu@1.0.7":
  version "1.0.7"
  resolved "https://registry.npmjs.org/@napi-rs/canvas-linux-riscv64-gnu/-/canvas-linux-riscv64-gnu-1.0.7.tgz#52bf3d82e3507d7b5c14144fdda0c3e3fdc851a3"
  integrity sha512-r+0Bg+fK8r2AsrbeT7JwBUAERZSjlyhfAMQfZE/zxYGmbswS92hN0FPjynVWbeuz5fIrLfZ6JA5pH8V6drN6qw==

"@napi-rs/canvas-linux-x64-gnu@1.0.7":
  version "1.0.7"
  resolved "https://registry.npmjs.org/@napi-rs/canvas-linux-x64-gnu/-/canvas-linux-x64-gnu-1.0.7.tgz#e4ad908bf791621916df572e8977e388b08b7ea5"
  integrity sha512-0tT9KzEcTfb6MWdUWIDfy6uq6UNF691r/9NfXxxl8s9+G5QrD7VP1UC+PAwzsCzJTClIKyidNau/grYTL+QmHw==

"@napi-rs/canvas-linux-x64-musl@1.0.7":
  version "1.0.7"
  resolved "https://registry.npmjs.org/@napi-rs/canvas-linux-x64-musl/-/canvas-linux-x64-musl-1.0.7.tgz#0ea39bb75cebe2c76acf107548a3d28a0432110b"
  integrity sha512-rvT0xo1xA+C7e+U/2ngsxWsl9gC5knHU+z8KTT5VK0Zos4AQbWZvtjvegrmzxm4o2yHE32Lexj6CDEJNvuTczA==

"@napi-rs/canvas-win32-arm64-msvc@1.0.7":
  version "1.0.7"
  resolved "https://registry.npmjs.org/@napi-rs/canvas-win32-arm64-msvc/-/canvas-win32-arm64-msvc-1.0.7.tgz#f3906f273e0a455066899bed64afad7a260b9fbb"
  integrity sha512-N6s3yoFFPUDkfRpjUiKERVYkli7ex5Sf0Bu/My6D6gOGYxYolC1KvL6x8U0aN+ScCWAzbkIWcMYR9g0OGsFuVw==

"@napi-rs/canvas-win32-x64-msvc@1.0.7":
  version "1.0.7"
  resolved "https://registry.npmjs.org/@napi-rs/canvas-win32-x64-msvc/-/canvas-win32-x64-msvc-1.0.7.tgz#f74e47d23fc460568bbf1d39b24dfd1971a4ab69"
  integrity sha512-SKTNdBV/ljfhkPsLhXjm4x2PQ0ILpc0PhkBzRHuroJXidZUaF5yh0j3s3dIzB8PrRmW+nEASzyMTaWT3nH1ywQ==

"@napi-rs/canvas@^1.0.0":
  version "1.0.7"
  resolved "https://registry.npmjs.org/@napi-rs/canvas/-/canvas-1.0.7.tgz#3f17de293563fcb5cd8f860ad6113cad92c21486"
  integrity sha512-26wVFEgs6gbe7wmzCrud1pK8q6oOgcUu7OOF24BuazB8ZUCskU9ZSLrCjoWIFVxx09rjAxsXxPleaWowHvdPCA==
  optionalDependencies:
    "@napi-rs/canvas-android-arm64" "1.0.7"
    "@napi-rs/canvas-darwin-arm64" "1.0.7"
    "@napi-rs/canvas-darwin-x64" "1.0.7"
    "@napi-rs/canvas-linux-arm-gnueabihf" "1.0.7"
    "@napi-rs/canvas-linux-arm64-gnu" "1.0.7"
    "@napi-rs/canvas-linux-arm64-musl" "1.0.7"
    "@napi-rs/canvas-linux-riscv64-gnu" "1.0.7"
    "@napi-rs/canvas-linux-x64-gnu" "1.0.7"
    "@napi-rs/canvas-linux-x64-musl" "1.0.7"
    "@napi-rs/canvas-win32-arm64-msvc" "1.0.7"
    "@napi-rs/canvas-win32-x64-msvc" "1.0.7"

"@tokenizer/inflate@^0.4.1":
  version "0.4.1"
  resolved "https://registry.npmjs.org/@tokenizer/inflate/-/inflate-0.4.1.tgz#fa6cdb8366151b3cc8426bf9755c1ea03a2fba08"
  integrity sha512-2mAv+8pkG6GIZiF1kNg1jAjh27IDxEPKwdGul3snfztFerfPGI1LjDezZp3i7BElXompqEtPmoPx6c2wgtWsOA==
  dependencies:
    debug "^4.4.3"
    token-types "^6.1.1"

"@tokenizer/token@^0.3.0":
  version "0.3.0"
  resolved "https://registry.npmjs.org/@tokenizer/token/-/token-0.3.0.tgz#fe98a93fe789247e998c75e74e9c7c63217aa276"
  integrity sha512-OvjF+z51L3ov0OyAU0duzsYuvO01PH7x4t6DJx+guahgTnBHkhJdG7soQeTSFLWN3efnHyibZ4Z8l2EuWwJN3A==

"@types/node@^20.17.0":
  version "20.19.43"
  resolved "https://registry.yarnpkg.com/@types/node/-/node-20.19.43.tgz#fcecf580ba42a0db55cf404c372c97973c376c97"
  integrity sha512-6oYBAi5ikg4Pl+kGsoYtawUMBT2zZMCvPNF7pVLnHZfd1zf38DRiWn/gT01RYCdUqkv7Fhr+C9ot4/tb+2sVvA==
  dependencies:
    undici-types "~6.21.0"

"@xmldom/xmldom@^0.9.10":
  version "0.9.11"
  resolved "https://registry.npmjs.org/@xmldom/xmldom/-/xmldom-0.9.11.tgz#2ed75a186886383624cf16400930ed6b9adaa656"
  integrity sha512-tW8bcK3hsG0/uqSnNz6TK4BkcuZSezoU7DlnYssILmZDktPnSHHuDJJFM0AJv+13gz2r0iGdrj6qqKeUnxXEDg==

bmp-js@^0.1.0:
  version "0.1.0"
  resolved "https://registry.npmjs.org/bmp-js/-/bmp-js-0.1.0.tgz#e05a63f796a6c1ff25f4771ec7adadc148c07233"
  integrity sha512-vHdS19CnY3hwiNdkaqk93DvjVLfbEcI8mys4UjuWrlX1haDmroo8o4xCzh4wD6DGV6HxRCyauwhHRqMTfERtjw==

debug@^4.4.3:
  version "4.4.3"
  resolved "https://registry.npmjs.org/debug/-/debug-4.4.3.tgz#c6ae432d9bd9662582fce08709b038c58e9e3d6a"
  integrity sha512-RGwwWnwQvkVfavKVt22FGLw+xYSdzARwm0ru6DhTVA3umU5hZc28V3kO4stgYryrTlLpuvgI9GiijltAjNbcqA==
  dependencies:
    ms "^2.1.3"

fflate@^0.8.3:
  version "0.8.3"
  resolved "https://registry.npmjs.org/fflate/-/fflate-0.8.3.tgz#bc27d8eb30343d4d512abb03480202ce65d825fc"
  integrity sha512-tbZNuJrLwGUp3zshBtdy4W+ORxZuIh8a5ilyIEQDC5rY1f3U20JMry0Ll3WBzU58EZKsEuJFXhb5gwv8CsPvgA==

file-type@^22.0.1:
  version "22.0.2"
  resolved "https://registry.npmjs.org/file-type/-/file-type-22.0.2.tgz#a1dae5d38db379374ae475781822fb76936d5134"
  integrity sha512-0H8TsCUGBLx+V5adH3EY52hTAcyLKbV1D4gq5cIOJ6DnQAHeV9Z2Hhuc5CoBX4YmvB2oL+JIC84z0qO7JsCoNw==
  dependencies:
    "@tokenizer/inflate" "^0.4.1"
    strtok3 "^10.3.5"
    token-types "^6.1.2"
    uint8array-extras "^1.5.0"

idb-keyval@^6.2.0:
  version "6.3.0"
  resolved "https://registry.npmjs.org/idb-keyval/-/idb-keyval-6.3.0.tgz#3fa4c062fcaddd7e577c51b51f69924bccfb58e6"
  integrity sha512-um+2dgAWmYsu615EXpWVwSmapJhON0G43t3Ka/EVaohzPQXSMqKEqeDK/oIW3Ow+BXaF2PvSc+oBTFp793A5Ow==

ieee754@^1.2.1:
  version "1.2.1"
  resolved "https://registry.npmjs.org/ieee754/-/ieee754-1.2.1.tgz#8eb7a10a63fff25d15a57b001586d177d1b0d352"
  integrity sha512-dcyqhDvX1C46lXZcVqCpK+FtMRQVdIMN6/Df5js2zouUsqG7I6sFxitIC+7KYK29KdXOLHdu9zL4sFnoVQnqaA==

is-url@^1.2.4:
  version "1.2.4"
  resolved "https://registry.npmjs.org/is-url/-/is-url-1.2.4.tgz#04a4df46d28c4cff3d73d01ff06abeb318a1aa52"
  integrity sha512-ITvGim8FhRiYe4IQ5uHSkj7pVaPDrCTkNd3yq3cV7iZAcJdHTUMPMEHcqSOy9xZ9qFenQCvi+2wjH9a1nXqHww==

ms@^2.1.3:
  version "2.1.3"
  resolved "https://registry.npmjs.org/ms/-/ms-2.1.3.tgz#574c8138ce1d2b5861f0b44579dbadd60c6615b2"
  integrity sha512-6FlzubTLZG3J2a/NVCAleEhjzq5oxgHyaCU9yYXvcLsvoVaHJq/s5xXI6/XXP6tz7R9xAOtHnSO/tXtF3WRTlA==

node-fetch@^2.6.9:
  version "2.7.0"
  resolved "https://registry.npmjs.org/node-fetch/-/node-fetch-2.7.0.tgz#d0f0fa6e3e2dc1d27efcd8ad99d550bda94d187d"
  integrity sha512-c4FRfUm/dbcWZ7U+1Wq0AwCyFL+3nt2bEw05wfxSz+DWpWsitgmSgYmy2dQdWyKC1694ELPqMs/YzUSNozLt8A==
  dependencies:
    whatwg-url "^5.0.0"

officeparser@^7.8.0:
  version "7.8.0"
  resolved "https://registry.npmjs.org/officeparser/-/officeparser-7.8.0.tgz#7f21fc0126cf58447176bd3d71c095150cff7dee"
  integrity sha512-z3stbbcwTA4HsGuUz2XJEBbl6WV1X2qCvuiokc2D0593wnu8H7kaD9UY5YAHc8uMjMhH07FxXikzP0BFLSna4A==
  dependencies:
    "@xmldom/xmldom" "^0.9.10"
    fflate "^0.8.3"
    file-type "^22.0.1"
    pdfjs-dist "6.1.200"
    tesseract.js "^7.0.0"

opencollective-postinstall@^2.0.3:
  version "2.0.3"
  resolved "https://registry.npmjs.org/opencollective-postinstall/-/opencollective-postinstall-2.0.3.tgz#7a0fff978f6dbfa4d006238fbac98ed4198c3259"
  integrity sha512-8AV/sCtuzUeTo8gQK5qDZzARrulB3egtLzFgteqB2tcT4Mw7B8Kt7JcDHmltjz6FOAHsvTevk70gZEbhM4ZS9Q==

pdfjs-dist@6.1.200:
  version "6.1.200"
  resolved "https://registry.npmjs.org/pdfjs-dist/-/pdfjs-dist-6.1.200.tgz#4d957377ab57e397172fccb96bfe008dbcb2ddd6"
  integrity sha512-o8MolyzirkkLrcdsae/HEOiIcXWI7DS5zGpvqW8xTC2YUsW30rltFw2bDGvw/fskUdEMrQm2br68jzDS5BH2vw==
  optionalDependencies:
    "@napi-rs/canvas" "^1.0.0"

regenerator-runtime@^0.13.3:
  version "0.13.11"
  resolved "https://registry.npmjs.org/regenerator-runtime/-/regenerator-runtime-0.13.11.tgz#f6dca3e7ceec20590d07ada785636a90cdca17f9"
  integrity sha512-kY1AZVr2Ra+t+piVaJ4gxaFaReZVH40AKNo7UCX6W+dEwBo/2oZJzqfuN1qLq1oL45o56cPaTXELwrTh8Fpggg==

strtok3@^10.3.5:
  version "10.3.5"
  resolved "https://registry.npmjs.org/strtok3/-/strtok3-10.3.5.tgz#7213285da0dc3dec0fc8ce5df4b8b7a733f14360"
  integrity sha512-ki4hZQfh5rX0QDLLkOCj+h+CVNkqmp/CMf8v8kZpkNVK6jGQooMytqzLZYUVYIZcFZ6yDB70EfD8POcFXiF5oA==
  dependencies:
    "@tokenizer/token" "^0.3.0"

tesseract.js-core@^7.0.0:
  version "7.0.0"
  resolved "https://registry.npmjs.org/tesseract.js-core/-/tesseract.js-core-7.0.0.tgz#596aa1ab5c130adab12f21059e6aa1a1cecc0bab"
  integrity sha512-WnNH518NzmbSq9zgTPeoF8c+xmilS8rFIl1YKbk/ptuuc7p6cLNELNuPAzcmsYw450ca6bLa8j3t0VAtq435Vw==

tesseract.js@^7.0.0:
  version "7.0.0"
  resolved "https://registry.npmjs.org/tesseract.js/-/tesseract.js-7.0.0.tgz#4106fb6245efab40c57b94bc1798368807526be8"
  integrity sha512-exPBkd+z+wM1BuMkx/Bjv43OeLBxhL5kKWsz/9JY+DXcXdiBjiAch0V49QR3oAJqCaL5qURE0vx9Eo+G5YE7mA==
  dependencies:
    bmp-js "^0.1.0"
    idb-keyval "^6.2.0"
    is-url "^1.2.4"
    node-fetch "^2.6.9"
    opencollective-postinstall "^2.0.3"
    regenerator-runtime "^0.13.3"
    tesseract.js-core "^7.0.0"
    wasm-feature-detect "^1.8.0"
    zlibjs "^0.3.1"

token-types@^6.1.1, token-types@^6.1.2:
  version "6.1.2"
  resolved "https://registry.npmjs.org/token-types/-/token-types-6.1.2.tgz#18d0fd59b996d421f9f83914d6101c201bd08129"
  integrity sha512-dRXchy+C0IgK8WPC6xvCHFRIWYUbqqdEIKPaKo/AcTUNzwLTK6AH7RjdLWsEZcAN/TBdtfUw3PYEgPr5VPr6ww==
  dependencies:
    "@borewit/text-codec" "^0.2.1"
    "@tokenizer/token" "^0.3.0"
    ieee754 "^1.2.1"

tr46@~0.0.3:
  version "0.0.3"
  resolved "https://registry.npmjs.org/tr46/-/tr46-0.0.3.tgz#8184fd347dac9cdc185992f3a6622e14b9d9ab6a"
  integrity sha512-N3WMsuqV66lT30CrXNbEjx4GEwlow3v6rr4mCcv6prnfwhS01rkgyFdjPNBYd9br7LpXV1+Emh01fHnq2Gdgrw==

typescript@^5.7.0:
  version "5.9.3"
  resolved "https://registry.yarnpkg.com/typescript/-/typescript-5.9.3.tgz#5b4f59e15310ab17a216f5d6cf53ee476ede670f"
  integrity sha512-jl1vZzPDinLr9eUt3J/t7V6FgNEw9QjvBPdysz9KfQDD41fQrC2Y4vKQdiaUpFT4bXlb1RHhLpp8wtm6M5TgSw==

uint8array-extras@^1.5.0:
  version "1.5.0"
  resolved "https://registry.npmjs.org/uint8array-extras/-/uint8array-extras-1.5.0.tgz#10d2a85213de3ada304fea1c454f635c73839e86"
  integrity sha512-rvKSBiC5zqCCiDZ9kAOszZcDvdAHwwIKJG33Ykj43OKcWsnmcBRL09YTU4nOeHZ8Y2a7l1MgTd08SBe9A8Qj6A==

undici-types@~6.21.0:
  version "6.21.0"
  resolved "https://registry.yarnpkg.com/undici-types/-/undici-types-6.21.0.tgz#691d00af3909be93a7faa13be61b3a5b50ef12cb"
  integrity sha512-iwDZqg0QAGrg9Rav5H4n0M64c3mkR59cJ6wQp+7C4nI0gsmExaedaYLNO44eT4AtBBwjbTiGPMlt2Md0T9H9JQ==

wasm-feature-detect@^1.8.0:
  version "1.9.0"
  resolved "https://registry.npmjs.org/wasm-feature-detect/-/wasm-feature-detect-1.9.0.tgz#ae62b944805108fcc3b5f1e048ad2baa2d8ac2da"
  integrity sha512-zonE+xlIIYtxPy++L24ow0hAD8CICb4+FgPyROd3buyXIqsJvUEDkBgfCCoXOd1Hu3DUr0GOfnPIdcGV+YpNaA==

webidl-conversions@^3.0.0:
  version "3.0.1"
  resolved "https://registry.npmjs.org/webidl-conversions/-/webidl-conversions-3.0.1.tgz#24534275e2a7bc6be7bc86611cc16ae0a5654871"
  integrity sha512-2JAn3z8AR6rjK8Sm8orRC0h/bcl/DqL7tRPdGZ4I1CjdF+EaMLmYxBHyXuKL849eucPFhvBoxMsflfOb8kxaeQ==

whatwg-url@^5.0.0:
  version "5.0.0"
  resolved "https://registry.npmjs.org/whatwg-url/-/whatwg-url-5.0.0.tgz#966454e8765462e37644d3626f6742ce8b70965d"
  integrity sha512-saE57nupxk6v3HY35+jzBwYa0rKSy0XR8JSxZPwgLr7ys0IBzhGviA1/TUGJLmSVqs8pb9AnvICXEuOHLprYTw==
  dependencies:
    tr46 "~0.0.3"
    webidl-conversions "^3.0.0"

zlibjs@^0.3.1:
  version "0.3.1"
  resolved "https://registry.npmjs.org/zlibjs/-/zlibjs-0.3.1.tgz#50197edb28a1c42ca659cc8b4e6a9ddd6d444554"
  integrity sha512-+J9RrgTKOmlxFSDHo0pI1xM6BLVUv+o0ZT9ANtCxGkjIVCCUdx9alUF8Gm+dGLKbkkkidWIHFDZHDMpfITt4+w==
